<Solution>
  <Folder Name="/src/">
    <Project Path="src/TaskApi.API/TaskApi.API.csproj" />
    <Project Path="src/TaskApi.Application/TaskApi.Application.csproj" />
    <Project Path="src/TaskApi.Domain/TaskApi.Domain.csproj" />
    <Project Path="src/TaskApi.Infrastructure/TaskApi.Infrastructure.csproj" />
  </Folder>
</Solution>
